
Microsoft Visual Studio Solution File, Format Version 12.00
# Visual Studio 15
VisualStudioVersion = 15.0.28307.489
MinimumVisualStudioVersion = 10.0.40219.1
Project("{FAE04EC0-301F-11D3-BF4B-00C04F79EFBC}") = "Lab3", "Lab3\Lab3.csproj", "{76506261-807D-4342-AF73-2FDB39DE2388}"
EndProject
Global
	GlobalSection(SolutionConfigurationPlatforms) = preSolution
		Debug|Any CPU = Debug|Any CPU
		Release|Any CPU = Release|Any CPU
	EndGlobalSection
	GlobalSection(ProjectConfigurationPlatforms) = postSolution
		{76506261-807D-4342-AF73-2FDB39DE2388}.Debug|Any CPU.ActiveCfg = Debug|Any CPU
		{76506261-807D-4342-AF73-2FDB39DE2388}.Debug|Any CPU.Build.0 = Debug|Any CPU
		{76506261-807D-4342-AF73-2FDB39DE2388}.Release|Any CPU.ActiveCfg = Release|Any CPU
		{76506261-807D-4342-AF73-2FDB39DE2388}.Release|Any CPU.Build.0 = Release|Any CPU
	EndGlobalSection
	GlobalSection(SolutionProperties) = preSolution
		HideSolutionNode = FALSE
	EndGlobalSection
	GlobalSection(ExtensibilityGlobals) = postSolution
		SolutionGuid = {3DCAFE27-4987-4CDE-8C7B-25677F337494}
	EndGlobalSection
EndGlobal
